
Microsoft Visual Studio Solution File, Format Version 12.00
# Visual Studio Version 17
VisualStudioVersion = 17.10.35004.147
MinimumVisualStudioVersion = 10.0.40219.1
Project("{FAE04EC0-301F-11D3-BF4B-00C04F79EFBC}") = "SyncAMS", "SyncAMS\SyncAMS.csproj", "{80EBF74F-B27A-4E0B-B410-2BD6417C2E4E}"
EndProject
Global
	GlobalSection(SolutionConfigurationPlatforms) = preSolution
		Debug|Any CPU = Debug|Any CPU
		Release|Any CPU = Release|Any CPU
	EndGlobalSection
	GlobalSection(ProjectConfigurationPlatforms) = postSolution
		{80EBF74F-B27A-4E0B-B410-2BD6417C2E4E}.Debug|Any CPU.ActiveCfg = Debug|Any CPU
		{80EBF74F-B27A-4E0B-B410-2BD6417C2E4E}.Debug|Any CPU.Build.0 = Debug|Any CPU
		{80EBF74F-B27A-4E0B-B410-2BD6417C2E4E}.Release|Any CPU.ActiveCfg = Release|Any CPU
		{80EBF74F-B27A-4E0B-B410-2BD6417C2E4E}.Release|Any CPU.Build.0 = Release|Any CPU
	EndGlobalSection
	GlobalSection(SolutionProperties) = preSolution
		HideSolutionNode = FALSE
	EndGlobalSection
	GlobalSection(ExtensibilityGlobals) = postSolution
		SolutionGuid = {60FB46D5-0952-43AE-93F3-C1B9A7834A17}
	EndGlobalSection
EndGlobal
